// !$*UTF8*$!
{
	archiveVersion = 1;
	classes = {
	};
	objectVersion = 56;
	objects = {

/* Begin PBXBuildFile section */
		2304B9792B0E72B8003A8A04 /* MyBetsCell.swift in Sources */ = {isa = PBXBuildFile; fileRef = 2304B9782B0E72B8003A8A04 /* MyBetsCell.swift */; };
		230789992B1546D300E631F9 /* NewsVC.swift in Sources */ = {isa = PBXBuildFile; fileRef = 230789982B1546D300E631F9 /* NewsVC.swift */; };
		2307899B2B15477A00E631F9 /* NewsCell.swift in Sources */ = {isa = PBXBuildFile; fileRef = 2307899A2B15477A00E631F9 /* NewsCell.swift */; };
		2307899D2B1547C700E631F9 /* NewsModel.swift in Sources */ = {isa = PBXBuildFile; fileRef = 2307899C2B1547C700E631F9 /* NewsModel.swift */; };
		2307899F2B1547DD00E631F9 /* NewsPresenter.swift in Sources */ = {isa = PBXBuildFile; fileRef = 2307899E2B1547DD00E631F9 /* NewsPresenter.swift */; };
		230789A62B1551E100E631F9 /* News.swift in Sources */ = {isa = PBXBuildFile; fileRef = 230789A52B1551E100E631F9 /* News.swift */; };
		230789A82B155A2B00E631F9 /* NewsDetailsVC.swift in Sources */ = {isa = PBXBuildFile; fileRef = 230789A72B155A2B00E631F9 /* NewsDetailsVC.swift */; };
		230789AA2B155B9500E631F9 /* NewsDetailsPresenter.swift in Sources */ = {isa = PBXBuildFile; fileRef = 230789A92B155B9500E631F9 /* NewsDetailsPresenter.swift */; };
		230A87CE2B0524A9000C4801 /* AppDelegate.swift in Sources */ = {isa = PBXBuildFile; fileRef = 230A87CD2B0524A9000C4801 /* AppDelegate.swift */; };
		230A87D02B0524A9000C4801 /* SceneDelegate.swift in Sources */ = {isa = PBXBuildFile; fileRef = 230A87CF2B0524A9000C4801 /* SceneDelegate.swift */; };
		230A87D52B0524A9000C4801 /* Main.storyboard in Resources */ = {isa = PBXBuildFile; fileRef = 230A87D32B0524A9000C4801 /* Main.storyboard */; };
		230A87D82B0524A9000C4801 /* ESportsTracker.xcdatamodeld in Sources */ = {isa = PBXBuildFile; fileRef = 230A87D62B0524A9000C4801 /* ESportsTracker.xcdatamodeld */; };
		230A87DA2B0524AA000C4801 /* Assets.xcassets in Resources */ = {isa = PBXBuildFile; fileRef = 230A87D92B0524AA000C4801 /* Assets.xcassets */; };
		230A87DD2B0524AA000C4801 /* LaunchScreen.storyboard in Resources */ = {isa = PBXBuildFile; fileRef = 230A87DB2B0524AA000C4801 /* LaunchScreen.storyboard */; };
		230A87E72B052A6A000C4801 /* LiveMatchesTableVC.swift in Sources */ = {isa = PBXBuildFile; fileRef = 230A87E62B052A6A000C4801 /* LiveMatchesTableVC.swift */; };
		230A87E92B052D41000C4801 /* LiveMatchDetailsVC.swift in Sources */ = {isa = PBXBuildFile; fileRef = 230A87E82B052D41000C4801 /* LiveMatchDetailsVC.swift */; };
		230A87EB2B052EE8000C4801 /* LiveMatches.swift in Sources */ = {isa = PBXBuildFile; fileRef = 230A87EA2B052EE8000C4801 /* LiveMatches.swift */; };
		230A87F22B05394A000C4801 /* LiveMatchPresenter.swift in Sources */ = {isa = PBXBuildFile; fileRef = 230A87F12B05394A000C4801 /* LiveMatchPresenter.swift */; };
		2315BAE02B1BA5A200CC1AD4 /* TabBarNavigationController.swift in Sources */ = {isa = PBXBuildFile; fileRef = 2315BADF2B1BA5A200CC1AD4 /* TabBarNavigationController.swift */; };
		233F43272B0AD7DE00945E52 /* LiveMatchDetailsPresenter.swift in Sources */ = {isa = PBXBuildFile; fileRef = 233F43262B0AD7DE00945E52 /* LiveMatchDetailsPresenter.swift */; };
		239AEB142B07F963007D69CC /* MatchesViewProtocol.swift in Sources */ = {isa = PBXBuildFile; fileRef = 239AEB132B07F963007D69CC /* MatchesViewProtocol.swift */; };
		239AEB162B07F9B2007D69CC /* PresenterProtocol.swift in Sources */ = {isa = PBXBuildFile; fileRef = 239AEB152B07F9B2007D69CC /* PresenterProtocol.swift */; };
		239AEB182B07FD0D007D69CC /* MatchesInfoModel.swift in Sources */ = {isa = PBXBuildFile; fileRef = 239AEB172B07FD0D007D69CC /* MatchesInfoModel.swift */; };
		239AEB1A2B08007F007D69CC /* ModelProtocol.swift in Sources */ = {isa = PBXBuildFile; fileRef = 239AEB192B08007F007D69CC /* ModelProtocol.swift */; };
		239AEB1C2B0800E3007D69CC /* ViewProtocol.swift in Sources */ = {isa = PBXBuildFile; fileRef = 239AEB1B2B0800E3007D69CC /* ViewProtocol.swift */; };
		239AEB1E2B080999007D69CC /* LiveMatchCell.swift in Sources */ = {isa = PBXBuildFile; fileRef = 239AEB1D2B080999007D69CC /* LiveMatchCell.swift */; };
		23AF026B2B114799001D5C6E /* FinishedMatch.swift in Sources */ = {isa = PBXBuildFile; fileRef = 23AF026A2B114799001D5C6E /* FinishedMatch.swift */; };
		23BA4DC32B0D2F2500C00B74 /* LiveBetsVC.swift in Sources */ = {isa = PBXBuildFile; fileRef = 23BA4DC22B0D2F2500C00B74 /* LiveBetsVC.swift */; };
		23BA4DC52B0D2F4200C00B74 /* LiveBetsPresenter.swift in Sources */ = {isa = PBXBuildFile; fileRef = 23BA4DC42B0D2F4200C00B74 /* LiveBetsPresenter.swift */; };
		23BA4DC72B0D2F5D00C00B74 /* MyBetsModel.swift in Sources */ = {isa = PBXBuildFile; fileRef = 23BA4DC62B0D2F5D00C00B74 /* MyBetsModel.swift */; };
		23BC86AA2B13C4F200F0C473 /* StatisticsPresenter.swift in Sources */ = {isa = PBXBuildFile; fileRef = 23BC86A92B13C4F200F0C473 /* StatisticsPresenter.swift */; };
		23BC86AE2B13C58700F0C473 /* StatisticsVC.swift in Sources */ = {isa = PBXBuildFile; fileRef = 23BC86AD2B13C58700F0C473 /* StatisticsVC.swift */; };
		23C031432B1D14F2002C7640 /* OptionallyDecodable in Frameworks */ = {isa = PBXBuildFile; productRef = 23C031422B1D14F2002C7640 /* OptionallyDecodable */; };
		23C9836A2B17DB1A009159F5 /* UpcomingMatchCell.swift in Sources */ = {isa = PBXBuildFile; fileRef = 23C983692B17DB1A009159F5 /* UpcomingMatchCell.swift */; };
		23C9836C2B17DD62009159F5 /* UpcomingMatches.swift in Sources */ = {isa = PBXBuildFile; fileRef = 23C9836B2B17DD62009159F5 /* UpcomingMatches.swift */; };
/* End PBXBuildFile section */

/* Begin PBXFileReference section */
		2304B9782B0E72B8003A8A04 /* MyBetsCell.swift */ = {isa = PBXFileReference; lastKnownFileType = sourcecode.swift; path = MyBetsCell.swift; sourceTree = "<group>"; };
		230789982B1546D300E631F9 /* NewsVC.swift */ = {isa = PBXFileReference; lastKnownFileType = sourcecode.swift; path = NewsVC.swift; sourceTree = "<group>"; };
		2307899A2B15477A00E631F9 /* NewsCell.swift */ = {isa = PBXFileReference; lastKnownFileType = sourcecode.swift; path = NewsCell.swift; sourceTree = "<group>"; };
		2307899C2B1547C700E631F9 /* NewsModel.swift */ = {isa = PBXFileReference; lastKnownFileType = sourcecode.swift; path = NewsModel.swift; sourceTree = "<group>"; };
		2307899E2B1547DD00E631F9 /* NewsPresenter.swift */ = {isa = PBXFileReference; lastKnownFileType = sourcecode.swift; path = NewsPresenter.swift; sourceTree = "<group>"; };
		230789A52B1551E100E631F9 /* News.swift */ = {isa = PBXFileReference; lastKnownFileType = sourcecode.swift; path = News.swift; sourceTree = "<group>"; };
		230789A72B155A2B00E631F9 /* NewsDetailsVC.swift */ = {isa = PBXFileReference; lastKnownFileType = sourcecode.swift; path = NewsDetailsVC.swift; sourceTree = "<group>"; };
		230789A92B155B9500E631F9 /* NewsDetailsPresenter.swift */ = {isa = PBXFileReference; lastKnownFileType = sourcecode.swift; path = NewsDetailsPresenter.swift; sourceTree = "<group>"; };
		230A87CA2B0524A9000C4801 /* ESportsTracker.app */ = {isa = PBXFileReference; explicitFileType = wrapper.application; includeInIndex = 0; path = ESportsTracker.app; sourceTree = BUILT_PRODUCTS_DIR; };
		230A87CD2B0524A9000C4801 /* AppDelegate.swift */ = {isa = PBXFileReference; lastKnownFileType = sourcecode.swift; path = AppDelegate.swift; sourceTree = "<group>"; };
		230A87CF2B0524A9000C4801 /* SceneDelegate.swift */ = {isa = PBXFileReference; lastKnownFileType = sourcecode.swift; path = SceneDelegate.swift; sourceTree = "<group>"; };
		230A87D42B0524A9000C4801 /* Base */ = {isa = PBXFileReference; lastKnownFileType = file.storyboard; name = Base; path = Base.lproj/Main.storyboard; sourceTree = "<group>"; };
		230A87D72B0524A9000C4801 /* ESportsTracker.xcdatamodel */ = {isa = PBXFileReference; lastKnownFileType = wrapper.xcdatamodel; path = ESportsTracker.xcdatamodel; sourceTree = "<group>"; };
		230A87D92B0524AA000C4801 /* Assets.xcassets */ = {isa = PBXFileReference; lastKnownFileType = folder.assetcatalog; path = Assets.xcassets; sourceTree = "<group>"; };
		230A87DC2B0524AA000C4801 /* Base */ = {isa = PBXFileReference; lastKnownFileType = file.storyboard; name = Base; path = Base.lproj/LaunchScreen.storyboard; sourceTree = "<group>"; };
		230A87DE2B0524AA000C4801 /* Info.plist */ = {isa = PBXFileReference; lastKnownFileType = text.plist.xml; path = Info.plist; sourceTree = "<group>"; };
		230A87E62B052A6A000C4801 /* LiveMatchesTableVC.swift */ = {isa = PBXFileReference; lastKnownFileType = sourcecode.swift; path = LiveMatchesTableVC.swift; sourceTree = "<group>"; };
		230A87E82B052D41000C4801 /* LiveMatchDetailsVC.swift */ = {isa = PBXFileReference; lastKnownFileType = sourcecode.swift; path = LiveMatchDetailsVC.swift; sourceTree = "<group>"; };
		230A87EA2B052EE8000C4801 /* LiveMatches.swift */ = {isa = PBXFileReference; lastKnownFileType = sourcecode.swift; path = LiveMatches.swift; sourceTree = "<group>"; };
		230A87F12B05394A000C4801 /* LiveMatchPresenter.swift */ = {isa = PBXFileReference; lastKnownFileType = sourcecode.swift; path = LiveMatchPresenter.swift; sourceTree = "<group>"; };
		2315BADF2B1BA5A200CC1AD4 /* TabBarNavigationController.swift */ = {isa = PBXFileReference; lastKnownFileType = sourcecode.swift; path = TabBarNavigationController.swift; sourceTree = "<group>"; };
		233F43262B0AD7DE00945E52 /* LiveMatchDetailsPresenter.swift */ = {isa = PBXFileReference; lastKnownFileType = sourcecode.swift; path = LiveMatchDetailsPresenter.swift; sourceTree = "<group>"; };
		239AEB132B07F963007D69CC /* MatchesViewProtocol.swift */ = {isa = PBXFileReference; lastKnownFileType = sourcecode.swift; path = MatchesViewProtocol.swift; sourceTree = "<group>"; };
		239AEB152B07F9B2007D69CC /* PresenterProtocol.swift */ = {isa = PBXFileReference; lastKnownFileType = sourcecode.swift; path = PresenterProtocol.swift; sourceTree = "<group>"; };
		239AEB172B07FD0D007D69CC /* MatchesInfoModel.swift */ = {isa = PBXFileReference; lastKnownFileType = sourcecode.swift; path = MatchesInfoModel.swift; sourceTree = "<group>"; };
		239AEB192B08007F007D69CC /* ModelProtocol.swift */ = {isa = PBXFileReference; lastKnownFileType = sourcecode.swift; path = ModelProtocol.swift; sourceTree = "<group>"; };
		239AEB1B2B0800E3007D69CC /* ViewProtocol.swift */ = {isa = PBXFileReference; lastKnownFileType = sourcecode.swift; path = ViewProtocol.swift; sourceTree = "<group>"; };
		239AEB1D2B080999007D69CC /* LiveMatchCell.swift */ = {isa = PBXFileReference; lastKnownFileType = sourcecode.swift; path = LiveMatchCell.swift; sourceTree = "<group>"; };
		23AF026A2B114799001D5C6E /* FinishedMatch.swift */ = {isa = PBXFileReference; lastKnownFileType = sourcecode.swift; path = FinishedMatch.swift; sourceTree = "<group>"; usesTabs = 0; };
		23BA4DC22B0D2F2500C00B74 /* LiveBetsVC.swift */ = {isa = PBXFileReference; lastKnownFileType = sourcecode.swift; path = LiveBetsVC.swift; sourceTree = "<group>"; };
		23BA4DC42B0D2F4200C00B74 /* LiveBetsPresenter.swift */ = {isa = PBXFileReference; lastKnownFileType = sourcecode.swift; path = LiveBetsPresenter.swift; sourceTree = "<group>"; };
		23BA4DC62B0D2F5D00C00B74 /* MyBetsModel.swift */ = {isa = PBXFileReference; lastKnownFileType = sourcecode.swift; path = MyBetsModel.swift; sourceTree = "<group>"; };
		23BC86A92B13C4F200F0C473 /* StatisticsPresenter.swift */ = {isa = PBXFileReference; lastKnownFileType = sourcecode.swift; path = StatisticsPresenter.swift; sourceTree = "<group>"; };
		23BC86AD2B13C58700F0C473 /* StatisticsVC.swift */ = {isa = PBXFileReference; lastKnownFileType = sourcecode.swift; path = StatisticsVC.swift; sourceTree = "<group>"; };
		23C983692B17DB1A009159F5 /* UpcomingMatchCell.swift */ = {isa = PBXFileReference; lastKnownFileType = sourcecode.swift; path = UpcomingMatchCell.swift; sourceTree = "<group>"; };
		23C9836B2B17DD62009159F5 /* UpcomingMatches.swift */ = {isa = PBXFileReference; lastKnownFileType = sourcecode.swift; path = UpcomingMatches.swift; sourceTree = "<group>"; };
/* End PBXFileReference section */

/* Begin PBXFrameworksBuildPhase section */
		230A87C72B0524A9000C4801 /* Frameworks */ = {
			isa = PBXFrameworksBuildPhase;
			buildActionMask = 2147483647;
			files = (
				23C031432B1D14F2002C7640 /* OptionallyDecodable in Frameworks */,
			);
			runOnlyForDeploymentPostprocessing = 0;
		};
/* End PBXFrameworksBuildPhase section */

/* Begin PBXGroup section */
		230789A02B15495500E631F9 /* TableViewsCels */ = {
			isa = PBXGroup;
			children = (
				239AEB1D2B080999007D69CC /* LiveMatchCell.swift */,
				2304B9782B0E72B8003A8A04 /* MyBetsCell.swift */,
				2307899A2B15477A00E631F9 /* NewsCell.swift */,
				23C983692B17DB1A009159F5 /* UpcomingMatchCell.swift */,
			);
			path = TableViewsCels;
			sourceTree = "<group>";
		};
		230789A12B15497A00E631F9 /* ViewProtcols */ = {
			isa = PBXGroup;
			children = (
				239AEB132B07F963007D69CC /* MatchesViewProtocol.swift */,
				239AEB1B2B0800E3007D69CC /* ViewProtocol.swift */,
			);
			path = ViewProtcols;
			sourceTree = "<group>";
		};
		230789A22B15499200E631F9 /* PresenterProtocols */ = {
			isa = PBXGroup;
			children = (
				239AEB152B07F9B2007D69CC /* PresenterProtocol.swift */,
			);
			path = PresenterProtocols;
			sourceTree = "<group>";
		};
		230789A32B1549A100E631F9 /* Structures */ = {
			isa = PBXGroup;
			children = (
				23C9836B2B17DD62009159F5 /* UpcomingMatches.swift */,
				230A87EA2B052EE8000C4801 /* LiveMatches.swift */,
				23AF026A2B114799001D5C6E /* FinishedMatch.swift */,
				230789A52B1551E100E631F9 /* News.swift */,
			);
			path = Structures;
			sourceTree = "<group>";
		};
		230789A42B1549DD00E631F9 /* ModelsProtocols */ = {
			isa = PBXGroup;
			children = (
				239AEB192B08007F007D69CC /* ModelProtocol.swift */,
			);
			path = ModelsProtocols;
			sourceTree = "<group>";
		};
		230A87C12B0524A9000C4801 = {
			isa = PBXGroup;
			children = (
				230A87CC2B0524A9000C4801 /* ESportsTracker */,
				230A87CB2B0524A9000C4801 /* Products */,
			);
			sourceTree = "<group>";
		};
		230A87CB2B0524A9000C4801 /* Products */ = {
			isa = PBXGroup;
			children = (
				230A87CA2B0524A9000C4801 /* ESportsTracker.app */,
			);
			name = Products;
			sourceTree = "<group>";
		};
		230A87CC2B0524A9000C4801 /* ESportsTracker */ = {
			isa = PBXGroup;
			children = (
				23C031402B1D145C002C7640 /* Navigation */,
				239AEB122B07F91A007D69CC /* Views */,
				230A87F32B053951000C4801 /* Presenter */,
				230A87EC2B052EFF000C4801 /* Models */,
				230A87CD2B0524A9000C4801 /* AppDelegate.swift */,
				230A87CF2B0524A9000C4801 /* SceneDelegate.swift */,
				230A87D32B0524A9000C4801 /* Main.storyboard */,
				230A87D92B0524AA000C4801 /* Assets.xcassets */,
				230A87DB2B0524AA000C4801 /* LaunchScreen.storyboard */,
				230A87DE2B0524AA000C4801 /* Info.plist */,
				230A87D62B0524A9000C4801 /* ESportsTracker.xcdatamodeld */,
			);
			path = ESportsTracker;
			sourceTree = "<group>";
		};
		230A87EC2B052EFF000C4801 /* Models */ = {
			isa = PBXGroup;
			children = (
				230789A42B1549DD00E631F9 /* ModelsProtocols */,
				230789A32B1549A100E631F9 /* Structures */,
				239AEB172B07FD0D007D69CC /* MatchesInfoModel.swift */,
				23BA4DC62B0D2F5D00C00B74 /* MyBetsModel.swift */,
				2307899C2B1547C700E631F9 /* NewsModel.swift */,
			);
			path = Models;
			sourceTree = "<group>";
		};
		230A87F32B053951000C4801 /* Presenter */ = {
			isa = PBXGroup;
			children = (
				230789A22B15499200E631F9 /* PresenterProtocols */,
				230A87F12B05394A000C4801 /* LiveMatchPresenter.swift */,
				233F43262B0AD7DE00945E52 /* LiveMatchDetailsPresenter.swift */,
				23BA4DC42B0D2F4200C00B74 /* LiveBetsPresenter.swift */,
				23BC86A92B13C4F200F0C473 /* StatisticsPresenter.swift */,
				2307899E2B1547DD00E631F9 /* NewsPresenter.swift */,
				230789A92B155B9500E631F9 /* NewsDetailsPresenter.swift */,
			);
			path = Presenter;
			sourceTree = "<group>";
		};
		239AEB122B07F91A007D69CC /* Views */ = {
			isa = PBXGroup;
			children = (
				230789A12B15497A00E631F9 /* ViewProtcols */,
				230789A02B15495500E631F9 /* TableViewsCels */,
				230A87E62B052A6A000C4801 /* LiveMatchesTableVC.swift */,
				230A87E82B052D41000C4801 /* LiveMatchDetailsVC.swift */,
				23BA4DC22B0D2F2500C00B74 /* LiveBetsVC.swift */,
				23BC86AD2B13C58700F0C473 /* StatisticsVC.swift */,
				230789982B1546D300E631F9 /* NewsVC.swift */,
				230789A72B155A2B00E631F9 /* NewsDetailsVC.swift */,
			);
			path = Views;
			sourceTree = "<group>";
		};
		23C031402B1D145C002C7640 /* Navigation */ = {
			isa = PBXGroup;
			children = (
				2315BADF2B1BA5A200CC1AD4 /* TabBarNavigationController.swift */,
			);
			path = Navigation;
			sourceTree = "<group>";
		};
/* End PBXGroup section */

/* Begin PBXNativeTarget section */
		230A87C92B0524A9000C4801 /* ESportsTracker */ = {
			isa = PBXNativeTarget;
			buildConfigurationList = 230A87E12B0524AA000C4801 /* Build configuration list for PBXNativeTarget "ESportsTracker" */;
			buildPhases = (
				230A87C62B0524A9000C4801 /* Sources */,
				230A87C72B0524A9000C4801 /* Frameworks */,
				230A87C82B0524A9000C4801 /* Resources */,
			);
			buildRules = (
			);
			dependencies = (
			);
			name = ESportsTracker;
			packageProductDependencies = (
				23C031422B1D14F2002C7640 /* OptionallyDecodable */,
			);
			productName = ESportsTracker;
			productReference = 230A87CA2B0524A9000C4801 /* ESportsTracker.app */;
			productType = "com.apple.product-type.application";
		};
/* End PBXNativeTarget section */

/* Begin PBXProject section */
		230A87C22B0524A9000C4801 /* Project object */ = {
			isa = PBXProject;
			attributes = {
				BuildIndependentTargetsInParallel = 1;
				LastSwiftUpdateCheck = 1500;
				LastUpgradeCheck = 1500;
				TargetAttributes = {
					230A87C92B0524A9000C4801 = {
						CreatedOnToolsVersion = 15.0;
					};
				};
			};
			buildConfigurationList = 230A87C52B0524A9000C4801 /* Build configuration list for PBXProject "ESportsTracker" */;
			compatibilityVersion = "Xcode 14.0";
			developmentRegion = en;
			hasScannedForEncodings = 0;
			knownRegions = (
				en,
				Base,
			);
			mainGroup = 230A87C12B0524A9000C4801;
			packageReferences = (
				23C031412B1D14F2002C7640 /* XCRemoteSwiftPackageReference "OptionallyDecodable" */,
			);
			productRefGroup = 230A87CB2B0524A9000C4801 /* Products */;
			projectDirPath = "";
			projectRoot = "";
			targets = (
				230A87C92B0524A9000C4801 /* ESportsTracker */,
			);
		};
/* End PBXProject section */

/* Begin PBXResourcesBuildPhase section */
		230A87C82B0524A9000C4801 /* Resources */ = {
			isa = PBXResourcesBuildPhase;
			buildActionMask = 2147483647;
			files = (
				230A87DD2B0524AA000C4801 /* LaunchScreen.storyboard in Resources */,
				230A87DA2B0524AA000C4801 /* Assets.xcassets in Resources */,
				230A87D52B0524A9000C4801 /* Main.storyboard in Resources */,
			);
			runOnlyForDeploymentPostprocessing = 0;
		};
/* End PBXResourcesBuildPhase section */

/* Begin PBXSourcesBuildPhase section */
		230A87C62B0524A9000C4801 /* Sources */ = {
			isa = PBXSourcesBuildPhase;
			buildActionMask = 2147483647;
			files = (
				23BA4DC32B0D2F2500C00B74 /* LiveBetsVC.swift in Sources */,
				239AEB142B07F963007D69CC /* MatchesViewProtocol.swift in Sources */,
				230789A82B155A2B00E631F9 /* NewsDetailsVC.swift in Sources */,
				230A87F22B05394A000C4801 /* LiveMatchPresenter.swift in Sources */,
				23BA4DC72B0D2F5D00C00B74 /* MyBetsModel.swift in Sources */,
				2307899D2B1547C700E631F9 /* NewsModel.swift in Sources */,
				23BC86AA2B13C4F200F0C473 /* StatisticsPresenter.swift in Sources */,
				239AEB1C2B0800E3007D69CC /* ViewProtocol.swift in Sources */,
				23C9836A2B17DB1A009159F5 /* UpcomingMatchCell.swift in Sources */,
				2304B9792B0E72B8003A8A04 /* MyBetsCell.swift in Sources */,
				23AF026B2B114799001D5C6E /* FinishedMatch.swift in Sources */,
				233F43272B0AD7DE00945E52 /* LiveMatchDetailsPresenter.swift in Sources */,
				2307899F2B1547DD00E631F9 /* NewsPresenter.swift in Sources */,
				230A87E92B052D41000C4801 /* LiveMatchDetailsVC.swift in Sources */,
				230A87E72B052A6A000C4801 /* LiveMatchesTableVC.swift in Sources */,
				230A87CE2B0524A9000C4801 /* AppDelegate.swift in Sources */,
				23BA4DC52B0D2F4200C00B74 /* LiveBetsPresenter.swift in Sources */,
				239AEB1A2B08007F007D69CC /* ModelProtocol.swift in Sources */,
				239AEB182B07FD0D007D69CC /* MatchesInfoModel.swift in Sources */,
				230A87D02B0524A9000C4801 /* SceneDelegate.swift in Sources */,
				23BC86AE2B13C58700F0C473 /* StatisticsVC.swift in Sources */,
				2315BAE02B1BA5A200CC1AD4 /* TabBarNavigationController.swift in Sources */,
				230789AA2B155B9500E631F9 /* NewsDetailsPresenter.swift in Sources */,
				230A87D82B0524A9000C4801 /* ESportsTracker.xcdatamodeld in Sources */,
				230789A62B1551E100E631F9 /* News.swift in Sources */,
				239AEB1E2B080999007D69CC /* LiveMatchCell.swift in Sources */,
				23C9836C2B17DD62009159F5 /* UpcomingMatches.swift in Sources */,
				230789992B1546D300E631F9 /* NewsVC.swift in Sources */,
				230A87EB2B052EE8000C4801 /* LiveMatches.swift in Sources */,
				2307899B2B15477A00E631F9 /* NewsCell.swift in Sources */,
				239AEB162B07F9B2007D69CC /* PresenterProtocol.swift in Sources */,
			);
			runOnlyForDeploymentPostprocessing = 0;
		};
/* End PBXSourcesBuildPhase section */

/* Begin PBXVariantGroup section */
		230A87D32B0524A9000C4801 /* Main.storyboard */ = {
			isa = PBXVariantGroup;
			children = (
				230A87D42B0524A9000C4801 /* Base */,
			);
			name = Main.storyboard;
			sourceTree = "<group>";
		};
		230A87DB2B0524AA000C4801 /* LaunchScreen.storyboard */ = {
			isa = PBXVariantGroup;
			children = (
				230A87DC2B0524AA000C4801 /* Base */,
			);
			name = LaunchScreen.storyboard;
			sourceTree = "<group>";
		};
/* End PBXVariantGroup section */

/* Begin XCBuildConfiguration section */
		230A87DF2B0524AA000C4801 /* Debug */ = {
			isa = XCBuildConfiguration;
			buildSettings = {
				ALWAYS_SEARCH_USER_PATHS = NO;
				ASSETCATALOG_COMPILER_GENERATE_SWIFT_ASSET_SYMBOL_EXTENSIONS = YES;
				CLANG_ANALYZER_NONNULL = YES;
				CLANG_ANALYZER_NUMBER_OBJECT_CONVERSION = YES_AGGRESSIVE;
				CLANG_CXX_LANGUAGE_STANDARD = "gnu++20";
				CLANG_ENABLE_MODULES = YES;
				CLANG_ENABLE_OBJC_ARC = YES;
				CLANG_ENABLE_OBJC_WEAK = YES;
				CLANG_WARN_BLOCK_CAPTURE_AUTORELEASING = YES;
				CLANG_WARN_BOOL_CONVERSION = YES;
				CLANG_WARN_COMMA = YES;
				CLANG_WARN_CONSTANT_CONVERSION = YES;
				CLANG_WARN_DEPRECATED_OBJC_IMPLEMENTATIONS = YES;
				CLANG_WARN_DIRECT_OBJC_ISA_USAGE = YES_ERROR;
				CLANG_WARN_DOCUMENTATION_COMMENTS = YES;
				CLANG_WARN_EMPTY_BODY = YES;
				CLANG_WARN_ENUM_CONVERSION = YES;
				CLANG_WARN_INFINITE_RECURSION = YES;
				CLANG_WARN_INT_CONVERSION = YES;
				CLANG_WARN_NON_LITERAL_NULL_CONVERSION = YES;
				CLANG_WARN_OBJC_IMPLICIT_RETAIN_SELF = YES;
				CLANG_WARN_OBJC_LITERAL_CONVERSION = YES;
				CLANG_WARN_OBJC_ROOT_CLASS = YES_ERROR;
				CLANG_WARN_QUOTED_INCLUDE_IN_FRAMEWORK_HEADER = YES;
				CLANG_WARN_RANGE_LOOP_ANALYSIS = YES;
				CLANG_WARN_STRICT_PROTOTYPES = YES;
				CLANG_WARN_SUSPICIOUS_MOVE = YES;
				CLANG_WARN_UNGUARDED_AVAILABILITY = YES_AGGRESSIVE;
				CLANG_WARN_UNREACHABLE_CODE = YES;
				CLANG_WARN__DUPLICATE_METHOD_MATCH = YES;
				COPY_PHASE_STRIP = NO;
				DEBUG_INFORMATION_FORMAT = dwarf;
				ENABLE_STRICT_OBJC_MSGSEND = YES;
				ENABLE_TESTABILITY = YES;
				ENABLE_USER_SCRIPT_SANDBOXING = YES;
				GCC_C_LANGUAGE_STANDARD = gnu17;
				GCC_DYNAMIC_NO_PIC = NO;
				GCC_NO_COMMON_BLOCKS = YES;
				GCC_OPTIMIZATION_LEVEL = 0;
				GCC_PREPROCESSOR_DEFINITIONS = (
					"DEBUG=1",
					"$(inherited)",
				);
				GCC_WARN_64_TO_32_BIT_CONVERSION = YES;
				GCC_WARN_ABOUT_RETURN_TYPE = YES_ERROR;
				GCC_WARN_UNDECLARED_SELECTOR = YES;
				GCC_WARN_UNINITIALIZED_AUTOS = YES_AGGRESSIVE;
				GCC_WARN_UNUSED_FUNCTION = YES;
				GCC_WARN_UNUSED_VARIABLE = YES;
				IPHONEOS_DEPLOYMENT_TARGET = 17.0;
				LOCALIZATION_PREFERS_STRING_CATALOGS = YES;
				MTL_ENABLE_DEBUG_INFO = INCLUDE_SOURCE;
				MTL_FAST_MATH = YES;
				ONLY_ACTIVE_ARCH = YES;
				SDKROOT = iphoneos;
				SWIFT_ACTIVE_COMPILATION_CONDITIONS = "DEBUG $(inherited)";
				SWIFT_OPTIMIZATION_LEVEL = "-Onone";
			};
			name = Debug;
		};
		230A87E02B0524AA000C4801 /* Release */ = {
			isa = XCBuildConfiguration;
			buildSettings = {
				ALWAYS_SEARCH_USER_PATHS = NO;
				ASSETCATALOG_COMPILER_GENERATE_SWIFT_ASSET_SYMBOL_EXTENSIONS = YES;
				CLANG_ANALYZER_NONNULL = YES;
				CLANG_ANALYZER_NUMBER_OBJECT_CONVERSION = YES_AGGRESSIVE;
				CLANG_CXX_LANGUAGE_STANDARD = "gnu++20";
				CLANG_ENABLE_MODULES = YES;
				CLANG_ENABLE_OBJC_ARC = YES;
				CLANG_ENABLE_OBJC_WEAK = YES;
				CLANG_WARN_BLOCK_CAPTURE_AUTORELEASING = YES;
				CLANG_WARN_BOOL_CONVERSION = YES;
				CLANG_WARN_COMMA = YES;
				CLANG_WARN_CONSTANT_CONVERSION = YES;
				CLANG_WARN_DEPRECATED_OBJC_IMPLEMENTATIONS = YES;
				CLANG_WARN_DIRECT_OBJC_ISA_USAGE = YES_ERROR;
				CLANG_WARN_DOCUMENTATION_COMMENTS = YES;
				CLANG_WARN_EMPTY_BODY = YES;
				CLANG_WARN_ENUM_CONVERSION = YES;
				CLANG_WARN_INFINITE_RECURSION = YES;
				CLANG_WARN_INT_CONVERSION = YES;
				CLANG_WARN_NON_LITERAL_NULL_CONVERSION = YES;
				CLANG_WARN_OBJC_IMPLICIT_RETAIN_SELF = YES;
				CLANG_WARN_OBJC_LITERAL_CONVERSION = YES;
				CLANG_WARN_OBJC_ROOT_CLASS = YES_ERROR;
				CLANG_WARN_QUOTED_INCLUDE_IN_FRAMEWORK_HEADER = YES;
				CLANG_WARN_RANGE_LOOP_ANALYSIS = YES;
				CLANG_WARN_STRICT_PROTOTYPES = YES;
				CLANG_WARN_SUSPICIOUS_MOVE = YES;
				CLANG_WARN_UNGUARDED_AVAILABILITY = YES_AGGRESSIVE;
				CLANG_WARN_UNREACHABLE_CODE = YES;
				CLANG_WARN__DUPLICATE_METHOD_MATCH = YES;
				COPY_PHASE_STRIP = NO;
				DEBUG_INFORMATION_FORMAT = "dwarf-with-dsym";
				ENABLE_NS_ASSERTIONS = NO;
				ENABLE_STRICT_OBJC_MSGSEND = YES;
				ENABLE_USER_SCRIPT_SANDBOXING = YES;
				GCC_C_LANGUAGE_STANDARD = gnu17;
				GCC_NO_COMMON_BLOCKS = YES;
				GCC_WARN_64_TO_32_BIT_CONVERSION = YES;
				GCC_WARN_ABOUT_RETURN_TYPE = YES_ERROR;
				GCC_WARN_UNDECLARED_SELECTOR = YES;
				GCC_WARN_UNINITIALIZED_AUTOS = YES_AGGRESSIVE;
				GCC_WARN_UNUSED_FUNCTION = YES;
				GCC_WARN_UNUSED_VARIABLE = YES;
				IPHONEOS_DEPLOYMENT_TARGET = 17.0;
				LOCALIZATION_PREFERS_STRING_CATALOGS = YES;
				MTL_ENABLE_DEBUG_INFO = NO;
				MTL_FAST_MATH = YES;
				SDKROOT = iphoneos;
				SWIFT_COMPILATION_MODE = wholemodule;
				VALIDATE_PRODUCT = YES;
			};
			name = Release;
		};
		230A87E22B0524AA000C4801 /* Debug */ = {
			isa = XCBuildConfiguration;
			buildSettings = {
				ASSETCATALOG_COMPILER_APPICON_NAME = AppIcon;
				ASSETCATALOG_COMPILER_GLOBAL_ACCENT_COLOR_NAME = AccentColor;
				CODE_SIGN_STYLE = Automatic;
				CURRENT_PROJECT_VERSION = 1;
				GENERATE_INFOPLIST_FILE = YES;
				INFOPLIST_FILE = ESportsTracker/Info.plist;
				INFOPLIST_KEY_CFBundleDisplayName = "ESport tracker";
				INFOPLIST_KEY_LSApplicationCategoryType = "public.app-category.utilities";
				INFOPLIST_KEY_UIApplicationSupportsIndirectInputEvents = YES;
				INFOPLIST_KEY_UILaunchStoryboardName = LaunchScreen;
				INFOPLIST_KEY_UIMainStoryboardFile = Main;
				INFOPLIST_KEY_UISupportedInterfaceOrientations = UIInterfaceOrientationPortrait;
				IPHONEOS_DEPLOYMENT_TARGET = 16.0;
				LD_RUNPATH_SEARCH_PATHS = (
					"$(inherited)",
					"@executable_path/Frameworks",
				);
				MARKETING_VERSION = 1.0;
				PRODUCT_BUNDLE_IDENTIFIER = FINCH64.ESportsTracker;
				PRODUCT_NAME = "$(TARGET_NAME)";
				SUPPORTED_PLATFORMS = "iphoneos iphonesimulator";
				SUPPORTS_MACCATALYST = NO;
				SUPPORTS_MAC_DESIGNED_FOR_IPHONE_IPAD = NO;
				SUPPORTS_XR_DESIGNED_FOR_IPHONE_IPAD = NO;
				SWIFT_EMIT_LOC_STRINGS = YES;
				SWIFT_VERSION = 5.0;
				TARGETED_DEVICE_FAMILY = "1,2";
			};
			name = Debug;
		};
		230A87E32B0524AA000C4801 /* Release */ = {
			isa = XCBuildConfiguration;
			buildSettings = {
				ASSETCATALOG_COMPILER_APPICON_NAME = AppIcon;
				ASSETCATALOG_COMPILER_GLOBAL_ACCENT_COLOR_NAME = AccentColor;
				CODE_SIGN_STYLE = Automatic;
				CURRENT_PROJECT_VERSION = 1;
				GENERATE_INFOPLIST_FILE = YES;
				INFOPLIST_FILE = ESportsTracker/Info.plist;
				INFOPLIST_KEY_CFBundleDisplayName = "ESport tracker";
				INFOPLIST_KEY_LSApplicationCategoryType = "public.app-category.utilities";
				INFOPLIST_KEY_UIApplicationSupportsIndirectInputEvents = YES;
				INFOPLIST_KEY_UILaunchStoryboardName = LaunchScreen;
				INFOPLIST_KEY_UIMainStoryboardFile = Main;
				INFOPLIST_KEY_UISupportedInterfaceOrientations = UIInterfaceOrientationPortrait;
				IPHONEOS_DEPLOYMENT_TARGET = 16.0;
				LD_RUNPATH_SEARCH_PATHS = (
					"$(inherited)",
					"@executable_path/Frameworks",
				);
				MARKETING_VERSION = 1.0;
				PRODUCT_BUNDLE_IDENTIFIER = FINCH64.ESportsTracker;
				PRODUCT_NAME = "$(TARGET_NAME)";
				SUPPORTED_PLATFORMS = "iphoneos iphonesimulator";
				SUPPORTS_MACCATALYST = NO;
				SUPPORTS_MAC_DESIGNED_FOR_IPHONE_IPAD = NO;
				SUPPORTS_XR_DESIGNED_FOR_IPHONE_IPAD = NO;
				SWIFT_EMIT_LOC_STRINGS = YES;
				SWIFT_VERSION = 5.0;
				TARGETED_DEVICE_FAMILY = "1,2";
			};
			name = Release;
		};
/* End XCBuildConfiguration section */

/* Begin XCConfigurationList section */
		230A87C52B0524A9000C4801 /* Build configuration list for PBXProject "ESportsTracker" */ = {
			isa = XCConfigurationList;
			buildConfigurations = (
				230A87DF2B0524AA000C4801 /* Debug */,
				230A87E02B0524AA000C4801 /* Release */,
			);
			defaultConfigurationIsVisible = 0;
			defaultConfigurationName = Release;
		};
		230A87E12B0524AA000C4801 /* Build configuration list for PBXNativeTarget "ESportsTracker" */ = {
			isa = XCConfigurationList;
			buildConfigurations = (
				230A87E22B0524AA000C4801 /* Debug */,
				230A87E32B0524AA000C4801 /* Release */,
			);
			defaultConfigurationIsVisible = 0;
			defaultConfigurationName = Release;
		};
/* End XCConfigurationList section */

/* Begin XCRemoteSwiftPackageReference section */
		23C031412B1D14F2002C7640 /* XCRemoteSwiftPackageReference "OptionallyDecodable" */ = {
			isa = XCRemoteSwiftPackageReference;
			repositoryURL = "https://github.com/idrougge/OptionallyDecodable";
			requirement = {
				kind = upToNextMajorVersion;
				minimumVersion = 1.2.0;
			};
		};
/* End XCRemoteSwiftPackageReference section */

/* Begin XCSwiftPackageProductDependency section */
		23C031422B1D14F2002C7640 /* OptionallyDecodable */ = {
			isa = XCSwiftPackageProductDependency;
			package = 23C031412B1D14F2002C7640 /* XCRemoteSwiftPackageReference "OptionallyDecodable" */;
			productName = OptionallyDecodable;
		};
/* End XCSwiftPackageProductDependency section */

/* Begin XCVersionGroup section */
		230A87D62B0524A9000C4801 /* ESportsTracker.xcdatamodeld */ = {
			isa = XCVersionGroup;
			children = (
				230A87D72B0524A9000C4801 /* ESportsTracker.xcdatamodel */,
			);
			currentVersion = 230A87D72B0524A9000C4801 /* ESportsTracker.xcdatamodel */;
			path = ESportsTracker.xcdatamodeld;
			sourceTree = "<group>";
			versionGroupType = wrapper.xcdatamodel;
		};
/* End XCVersionGroup section */
	};
	rootObject = 230A87C22B0524A9000C4801 /* Project object */;
}
